// !$*UTF8*$!
{
	archiveVersion = 1;
	classes = {
	};
	objectVersion = 50;
	objects = {

/* Begin PBXBuildFile section */
		40287F4D78426A5354F31308 /* Pods_FractalSimplified.framework in Frameworks */ = {isa = PBXBuildFile; fileRef = A72360379FF35ACE21B05A5E /* Pods_FractalSimplified.framework */; };
		87C548AF2122B83100965FD2 /* AppDelegate.swift in Sources */ = {isa = PBXBuildFile; fileRef = 87C548AE2122B83100965FD2 /* AppDelegate.swift */; };
		87C548B62122B83200965FD2 /* Assets.xcassets in Resources */ = {isa = PBXBuildFile; fileRef = 87C548B52122B83200965FD2 /* Assets.xcassets */; };
		87C548B92122B83200965FD2 /* LaunchScreen.storyboard in Resources */ = {isa = PBXBuildFile; fileRef = 87C548B72122B83200965FD2 /* LaunchScreen.storyboard */; };
		87C548C42122B83200965FD2 /* FractalSimplifiedTests.swift in Sources */ = {isa = PBXBuildFile; fileRef = 87C548C32122B83200965FD2 /* FractalSimplifiedTests.swift */; };
		87C548CF2122B83200965FD2 /* FractalSimplifiedUITests.swift in Sources */ = {isa = PBXBuildFile; fileRef = 87C548CE2122B83200965FD2 /* FractalSimplifiedUITests.swift */; };
		87C548E32122CA1900965FD2 /* UIButton.swift in Sources */ = {isa = PBXBuildFile; fileRef = 87C548E02122CA1800965FD2 /* UIButton.swift */; };
		87C548E42122CA1900965FD2 /* UILabel.swift in Sources */ = {isa = PBXBuildFile; fileRef = 87C548E12122CA1800965FD2 /* UILabel.swift */; };
		87C548E52122CA1900965FD2 /* UITextField.swift in Sources */ = {isa = PBXBuildFile; fileRef = 87C548E22122CA1800965FD2 /* UITextField.swift */; };
		87C548E72122CA3900965FD2 /* FractalSimplified.swift in Sources */ = {isa = PBXBuildFile; fileRef = 87C548E62122CA3900965FD2 /* FractalSimplified.swift */; };
		87C548EC2122CA8D00965FD2 /* ActionViewModel.swift in Sources */ = {isa = PBXBuildFile; fileRef = 87C548EB2122CA8D00965FD2 /* ActionViewModel.swift */; };
		87C548EF2122CA9E00965FD2 /* EmailFieldView.swift in Sources */ = {isa = PBXBuildFile; fileRef = 87C548ED2122CA9E00965FD2 /* EmailFieldView.swift */; };
		87C548F02122CA9E00965FD2 /* EmailFieldUseCase.swift in Sources */ = {isa = PBXBuildFile; fileRef = 87C548EE2122CA9E00965FD2 /* EmailFieldUseCase.swift */; };
		87C548F62122D20B00965FD2 /* SignUpScreenUseCase.swift in Sources */ = {isa = PBXBuildFile; fileRef = 87C548F52122D20B00965FD2 /* SignUpScreenUseCase.swift */; };
		87C548F82122D22D00965FD2 /* SignUpViewController.swift in Sources */ = {isa = PBXBuildFile; fileRef = 87C548F72122D22D00965FD2 /* SignUpViewController.swift */; };
		87C548FD2122FF7D00965FD2 /* WelcomeViewController.swift in Sources */ = {isa = PBXBuildFile; fileRef = 87C548FC2122FF7D00965FD2 /* WelcomeViewController.swift */; };
		87C548FF21230E0E00965FD2 /* WelcomeScreenUseCase.swift in Sources */ = {isa = PBXBuildFile; fileRef = 87C548FE21230E0D00965FD2 /* WelcomeScreenUseCase.swift */; };
/* End PBXBuildFile section */

/* Begin PBXContainerItemProxy section */
		87C548C02122B83200965FD2 /* PBXContainerItemProxy */ = {
			isa = PBXContainerItemProxy;
			containerPortal = 87C548A32122B83100965FD2 /* Project object */;
			proxyType = 1;
			remoteGlobalIDString = 87C548AA2122B83100965FD2;
			remoteInfo = FractalSimplified;
		};
		87C548CB2122B83200965FD2 /* PBXContainerItemProxy */ = {
			isa = PBXContainerItemProxy;
			containerPortal = 87C548A32122B83100965FD2 /* Project object */;
			proxyType = 1;
			remoteGlobalIDString = 87C548AA2122B83100965FD2;
			remoteInfo = FractalSimplified;
		};
/* End PBXContainerItemProxy section */

/* Begin PBXFileReference section */
		3AC80AD31E8738038EF245F6 /* Pods-FractalSimplified.debug.xcconfig */ = {isa = PBXFileReference; includeInIndex = 1; lastKnownFileType = text.xcconfig; name = "Pods-FractalSimplified.debug.xcconfig"; path = "Pods/Target Support Files/Pods-FractalSimplified/Pods-FractalSimplified.debug.xcconfig"; sourceTree = "<group>"; };
		87C548AB2122B83100965FD2 /* FractalSimplified.app */ = {isa = PBXFileReference; explicitFileType = wrapper.application; includeInIndex = 0; path = FractalSimplified.app; sourceTree = BUILT_PRODUCTS_DIR; };
		87C548AE2122B83100965FD2 /* AppDelegate.swift */ = {isa = PBXFileReference; lastKnownFileType = sourcecode.swift; path = AppDelegate.swift; sourceTree = "<group>"; };
		87C548B52122B83200965FD2 /* Assets.xcassets */ = {isa = PBXFileReference; lastKnownFileType = folder.assetcatalog; path = Assets.xcassets; sourceTree = "<group>"; };
		87C548B82122B83200965FD2 /* Base */ = {isa = PBXFileReference; lastKnownFileType = file.storyboard; name = Base; path = Base.lproj/LaunchScreen.storyboard; sourceTree = "<group>"; };
		87C548BA2122B83200965FD2 /* Info.plist */ = {isa = PBXFileReference; lastKnownFileType = text.plist.xml; path = Info.plist; sourceTree = "<group>"; };
		87C548BF2122B83200965FD2 /* FractalSimplifiedTests.xctest */ = {isa = PBXFileReference; explicitFileType = wrapper.cfbundle; includeInIndex = 0; path = FractalSimplifiedTests.xctest; sourceTree = BUILT_PRODUCTS_DIR; };
		87C548C32122B83200965FD2 /* FractalSimplifiedTests.swift */ = {isa = PBXFileReference; lastKnownFileType = sourcecode.swift; path = FractalSimplifiedTests.swift; sourceTree = "<group>"; };
		87C548C52122B83200965FD2 /* Info.plist */ = {isa = PBXFileReference; lastKnownFileType = text.plist.xml; path = Info.plist; sourceTree = "<group>"; };
		87C548CA2122B83200965FD2 /* FractalSimplifiedUITests.xctest */ = {isa = PBXFileReference; explicitFileType = wrapper.cfbundle; includeInIndex = 0; path = FractalSimplifiedUITests.xctest; sourceTree = BUILT_PRODUCTS_DIR; };
		87C548CE2122B83200965FD2 /* FractalSimplifiedUITests.swift */ = {isa = PBXFileReference; lastKnownFileType = sourcecode.swift; path = FractalSimplifiedUITests.swift; sourceTree = "<group>"; };
		87C548D02122B83200965FD2 /* Info.plist */ = {isa = PBXFileReference; lastKnownFileType = text.plist.xml; path = Info.plist; sourceTree = "<group>"; };
		87C548E02122CA1800965FD2 /* UIButton.swift */ = {isa = PBXFileReference; fileEncoding = 4; lastKnownFileType = sourcecode.swift; path = UIButton.swift; sourceTree = "<group>"; };
		87C548E12122CA1800965FD2 /* UILabel.swift */ = {isa = PBXFileReference; fileEncoding = 4; lastKnownFileType = sourcecode.swift; path = UILabel.swift; sourceTree = "<group>"; };
		87C548E22122CA1800965FD2 /* UITextField.swift */ = {isa = PBXFileReference; fileEncoding = 4; lastKnownFileType = sourcecode.swift; path = UITextField.swift; sourceTree = "<group>"; };
		87C548E62122CA3900965FD2 /* FractalSimplified.swift */ = {isa = PBXFileReference; fileEncoding = 4; lastKnownFileType = sourcecode.swift; path = FractalSimplified.swift; sourceTree = "<group>"; };
		87C548EB2122CA8D00965FD2 /* ActionViewModel.swift */ = {isa = PBXFileReference; fileEncoding = 4; lastKnownFileType = sourcecode.swift; path = ActionViewModel.swift; sourceTree = "<group>"; };
		87C548ED2122CA9E00965FD2 /* EmailFieldView.swift */ = {isa = PBXFileReference; fileEncoding = 4; lastKnownFileType = sourcecode.swift; path = EmailFieldView.swift; sourceTree = "<group>"; };
		87C548EE2122CA9E00965FD2 /* EmailFieldUseCase.swift */ = {isa = PBXFileReference; fileEncoding = 4; lastKnownFileType = sourcecode.swift; path = EmailFieldUseCase.swift; sourceTree = "<group>"; };
		87C548F52122D20B00965FD2 /* SignUpScreenUseCase.swift */ = {isa = PBXFileReference; lastKnownFileType = sourcecode.swift; path = SignUpScreenUseCase.swift; sourceTree = "<group>"; };
		87C548F72122D22D00965FD2 /* SignUpViewController.swift */ = {isa = PBXFileReference; lastKnownFileType = sourcecode.swift; path = SignUpViewController.swift; sourceTree = "<group>"; };
		87C548FC2122FF7D00965FD2 /* WelcomeViewController.swift */ = {isa = PBXFileReference; lastKnownFileType = sourcecode.swift; path = WelcomeViewController.swift; sourceTree = "<group>"; };
		87C548FE21230E0D00965FD2 /* WelcomeScreenUseCase.swift */ = {isa = PBXFileReference; fileEncoding = 4; lastKnownFileType = sourcecode.swift; path = WelcomeScreenUseCase.swift; sourceTree = "<group>"; };
		8969F6FA57CEC04925325165 /* Pods-FractalSimplified.release.xcconfig */ = {isa = PBXFileReference; includeInIndex = 1; lastKnownFileType = text.xcconfig; name = "Pods-FractalSimplified.release.xcconfig"; path = "Pods/Target Support Files/Pods-FractalSimplified/Pods-FractalSimplified.release.xcconfig"; sourceTree = "<group>"; };
		A72360379FF35ACE21B05A5E /* Pods_FractalSimplified.framework */ = {isa = PBXFileReference; explicitFileType = wrapper.framework; includeInIndex = 0; path = Pods_FractalSimplified.framework; sourceTree = BUILT_PRODUCTS_DIR; };
/* End PBXFileReference section */

/* Begin PBXFrameworksBuildPhase section */
		87C548A82122B83100965FD2 /* Frameworks */ = {
			isa = PBXFrameworksBuildPhase;
			buildActionMask = 2147483647;
			files = (
				40287F4D78426A5354F31308 /* Pods_FractalSimplified.framework in Frameworks */,
			);
			runOnlyForDeploymentPostprocessing = 0;
		};
		87C548BC2122B83200965FD2 /* Frameworks */ = {
			isa = PBXFrameworksBuildPhase;
			buildActionMask = 2147483647;
			files = (
			);
			runOnlyForDeploymentPostprocessing = 0;
		};
		87C548C72122B83200965FD2 /* Frameworks */ = {
			isa = PBXFrameworksBuildPhase;
			buildActionMask = 2147483647;
			files = (
			);
			runOnlyForDeploymentPostprocessing = 0;
		};
/* End PBXFrameworksBuildPhase section */

/* Begin PBXGroup section */
		87C548A22122B83100965FD2 = {
			isa = PBXGroup;
			children = (
				87C548AD2122B83100965FD2 /* FractalSimplified */,
				87C548C22122B83200965FD2 /* FractalSimplifiedTests */,
				87C548CD2122B83200965FD2 /* FractalSimplifiedUITests */,
				87C548AC2122B83100965FD2 /* Products */,
				F5284477D8F2FDD1D488E961 /* Pods */,
				FE3BA3F64F63C1A9F98408BF /* Frameworks */,
			);
			sourceTree = "<group>";
		};
		87C548AC2122B83100965FD2 /* Products */ = {
			isa = PBXGroup;
			children = (
				87C548AB2122B83100965FD2 /* FractalSimplified.app */,
				87C548BF2122B83200965FD2 /* FractalSimplifiedTests.xctest */,
				87C548CA2122B83200965FD2 /* FractalSimplifiedUITests.xctest */,
			);
			name = Products;
			sourceTree = "<group>";
		};
		87C548AD2122B83100965FD2 /* FractalSimplified */ = {
			isa = PBXGroup;
			children = (
				87C548DC2122C9CA00965FD2 /* Fractal */,
				87C548F12122CB0400965FD2 /* UseCases */,
				87C548AE2122B83100965FD2 /* AppDelegate.swift */,
				87C548B52122B83200965FD2 /* Assets.xcassets */,
				87C548B72122B83200965FD2 /* LaunchScreen.storyboard */,
				87C548BA2122B83200965FD2 /* Info.plist */,
			);
			path = FractalSimplified;
			sourceTree = "<group>";
		};
		87C548C22122B83200965FD2 /* FractalSimplifiedTests */ = {
			isa = PBXGroup;
			children = (
				87C548C32122B83200965FD2 /* FractalSimplifiedTests.swift */,
				87C548C52122B83200965FD2 /* Info.plist */,
			);
			path = FractalSimplifiedTests;
			sourceTree = "<group>";
		};
		87C548CD2122B83200965FD2 /* FractalSimplifiedUITests */ = {
			isa = PBXGroup;
			children = (
				87C548CE2122B83200965FD2 /* FractalSimplifiedUITests.swift */,
				87C548D02122B83200965FD2 /* Info.plist */,
			);
			path = FractalSimplifiedUITests;
			sourceTree = "<group>";
		};
		87C548DC2122C9CA00965FD2 /* Fractal */ = {
			isa = PBXGroup;
			children = (
				87C548E62122CA3900965FD2 /* FractalSimplified.swift */,
				87C548DF2122CA0300965FD2 /* UIKit */,
			);
			path = Fractal;
			sourceTree = "<group>";
		};
		87C548DF2122CA0300965FD2 /* UIKit */ = {
			isa = PBXGroup;
			children = (
				87C548E02122CA1800965FD2 /* UIButton.swift */,
				87C548E12122CA1800965FD2 /* UILabel.swift */,
				87C548E22122CA1800965FD2 /* UITextField.swift */,
			);
			path = UIKit;
			sourceTree = "<group>";
		};
		87C548E92122CA6600965FD2 /* ActionViewModel */ = {
			isa = PBXGroup;
			children = (
				87C548EB2122CA8D00965FD2 /* ActionViewModel.swift */,
			);
			path = ActionViewModel;
			sourceTree = "<group>";
		};
		87C548EA2122CA7100965FD2 /* EmailField */ = {
			isa = PBXGroup;
			children = (
				87C548EE2122CA9E00965FD2 /* EmailFieldUseCase.swift */,
				87C548ED2122CA9E00965FD2 /* EmailFieldView.swift */,
			);
			path = EmailField;
			sourceTree = "<group>";
		};
		87C548F12122CB0400965FD2 /* UseCases */ = {
			isa = PBXGroup;
			children = (
				87C548E92122CA6600965FD2 /* ActionViewModel */,
				87C548EA2122CA7100965FD2 /* EmailField */,
				87C548F42122D1C300965FD2 /* SignUp */,
				87C548F92122FF2700965FD2 /* Welcome */,
			);
			path = UseCases;
			sourceTree = "<group>";
		};
		87C548F42122D1C300965FD2 /* SignUp */ = {
			isa = PBXGroup;
			children = (
				87C548F52122D20B00965FD2 /* SignUpScreenUseCase.swift */,
				87C548F72122D22D00965FD2 /* SignUpViewController.swift */,
			);
			path = SignUp;
			sourceTree = "<group>";
		};
		87C548F92122FF2700965FD2 /* Welcome */ = {
			isa = PBXGroup;
			children = (
				87C548FE21230E0D00965FD2 /* WelcomeScreenUseCase.swift */,
				87C548FC2122FF7D00965FD2 /* WelcomeViewController.swift */,
			);
			path = Welcome;
			sourceTree = "<group>";
		};
		F5284477D8F2FDD1D488E961 /* Pods */ = {
			isa = PBXGroup;
			children = (
				3AC80AD31E8738038EF245F6 /* Pods-FractalSimplified.debug.xcconfig */,
				8969F6FA57CEC04925325165 /* Pods-FractalSimplified.release.xcconfig */,
			);
			name = Pods;
			sourceTree = "<group>";
		};
		FE3BA3F64F63C1A9F98408BF /* Frameworks */ = {
			isa = PBXGroup;
			children = (
				A72360379FF35ACE21B05A5E /* Pods_FractalSimplified.framework */,
			);
			name = Frameworks;
			sourceTree = "<group>";
		};
/* End PBXGroup section */

/* Begin PBXNativeTarget section */
		87C548AA2122B83100965FD2 /* FractalSimplified */ = {
			isa = PBXNativeTarget;
			buildConfigurationList = 87C548D32122B83200965FD2 /* Build configuration list for PBXNativeTarget "FractalSimplified" */;
			buildPhases = (
				98E5B09BCD9FB5A71C49B268 /* [CP] Check Pods Manifest.lock */,
				87C548A72122B83100965FD2 /* Sources */,
				87C548A82122B83100965FD2 /* Frameworks */,
				87C548A92122B83100965FD2 /* Resources */,
				7DF822E673C2359C751B932F /* [CP] Embed Pods Frameworks */,
			);
			buildRules = (
			);
			dependencies = (
			);
			name = FractalSimplified;
			productName = FractalSimplified;
			productReference = 87C548AB2122B83100965FD2 /* FractalSimplified.app */;
			productType = "com.apple.product-type.application";
		};
		87C548BE2122B83200965FD2 /* FractalSimplifiedTests */ = {
			isa = PBXNativeTarget;
			buildConfigurationList = 87C548D62122B83200965FD2 /* Build configuration list for PBXNativeTarget "FractalSimplifiedTests" */;
			buildPhases = (
				87C548BB2122B83200965FD2 /* Sources */,
				87C548BC2122B83200965FD2 /* Frameworks */,
				87C548BD2122B83200965FD2 /* Resources */,
			);
			buildRules = (
			);
			dependencies = (
				87C548C12122B83200965FD2 /* PBXTargetDependency */,
			);
			name = FractalSimplifiedTests;
			productName = FractalSimplifiedTests;
			productReference = 87C548BF2122B83200965FD2 /* FractalSimplifiedTests.xctest */;
			productType = "com.apple.product-type.bundle.unit-test";
		};
		87C548C92122B83200965FD2 /* FractalSimplifiedUITests */ = {
			isa = PBXNativeTarget;
			buildConfigurationList = 87C548D92122B83200965FD2 /* Build configuration list for PBXNativeTarget "FractalSimplifiedUITests" */;
			buildPhases = (
				87C548C62122B83200965FD2 /* Sources */,
				87C548C72122B83200965FD2 /* Frameworks */,
				87C548C82122B83200965FD2 /* Resources */,
			);
			buildRules = (
			);
			dependencies = (
				87C548CC2122B83200965FD2 /* PBXTargetDependency */,
			);
			name = FractalSimplifiedUITests;
			productName = FractalSimplifiedUITests;
			productReference = 87C548CA2122B83200965FD2 /* FractalSimplifiedUITests.xctest */;
			productType = "com.apple.product-type.bundle.ui-testing";
		};
/* End PBXNativeTarget section */

/* Begin PBXProject section */
		87C548A32122B83100965FD2 /* Project object */ = {
			isa = PBXProject;
			attributes = {
				LastSwiftUpdateCheck = 0940;
				LastUpgradeCheck = 0940;
				ORGANIZATIONNAME = "Sergey Slavinskiy";
				TargetAttributes = {
					87C548AA2122B83100965FD2 = {
						CreatedOnToolsVersion = 9.4.1;
					};
					87C548BE2122B83200965FD2 = {
						CreatedOnToolsVersion = 9.4.1;
						TestTargetID = 87C548AA2122B83100965FD2;
					};
					87C548C92122B83200965FD2 = {
						CreatedOnToolsVersion = 9.4.1;
						TestTargetID = 87C548AA2122B83100965FD2;
					};
				};
			};
			buildConfigurationList = 87C548A62122B83100965FD2 /* Build configuration list for PBXProject "FractalSimplified" */;
			compatibilityVersion = "Xcode 9.3";
			developmentRegion = en;
			hasScannedForEncodings = 0;
			knownRegions = (
				en,
				Base,
			);
			mainGroup = 87C548A22122B83100965FD2;
			productRefGroup = 87C548AC2122B83100965FD2 /* Products */;
			projectDirPath = "";
			projectRoot = "";
			targets = (
				87C548AA2122B83100965FD2 /* FractalSimplified */,
				87C548BE2122B83200965FD2 /* FractalSimplifiedTests */,
				87C548C92122B83200965FD2 /* FractalSimplifiedUITests */,
			);
		};
/* End PBXProject section */

/* Begin PBXResourcesBuildPhase section */
		87C548A92122B83100965FD2 /* Resources */ = {
			isa = PBXResourcesBuildPhase;
			buildActionMask = 2147483647;
			files = (
				87C548B92122B83200965FD2 /* LaunchScreen.storyboard in Resources */,
				87C548B62122B83200965FD2 /* Assets.xcassets in Resources */,
			);
			runOnlyForDeploymentPostprocessing = 0;
		};
		87C548BD2122B83200965FD2 /* Resources */ = {
			isa = PBXResourcesBuildPhase;
			buildActionMask = 2147483647;
			files = (
			);
			runOnlyForDeploymentPostprocessing = 0;
		};
		87C548C82122B83200965FD2 /* Resources */ = {
			isa = PBXResourcesBuildPhase;
			buildActionMask = 2147483647;
			files = (
			);
			runOnlyForDeploymentPostprocessing = 0;
		};
/* End PBXResourcesBuildPhase section */

/* Begin PBXShellScriptBuildPhase section */
		7DF822E673C2359C751B932F /* [CP] Embed Pods Frameworks */ = {
			isa = PBXShellScriptBuildPhase;
			buildActionMask = 2147483647;
			files = (
			);
			inputPaths = (
				"${SRCROOT}/Pods/Target Support Files/Pods-FractalSimplified/Pods-FractalSimplified-frameworks.sh",
				"${BUILT_PRODUCTS_DIR}/Action/Action.framework",
				"${BUILT_PRODUCTS_DIR}/RxCocoa/RxCocoa.framework",
				"${BUILT_PRODUCTS_DIR}/RxSwift/RxSwift.framework",
			);
			name = "[CP] Embed Pods Frameworks";
			outputPaths = (
				"${TARGET_BUILD_DIR}/${FRAMEWORKS_FOLDER_PATH}/Action.framework",
				"${TARGET_BUILD_DIR}/${FRAMEWORKS_FOLDER_PATH}/RxCocoa.framework",
				"${TARGET_BUILD_DIR}/${FRAMEWORKS_FOLDER_PATH}/RxSwift.framework",
			);
			runOnlyForDeploymentPostprocessing = 0;
			shellPath = /bin/sh;
			shellScript = "\"${SRCROOT}/Pods/Target Support Files/Pods-FractalSimplified/Pods-FractalSimplified-frameworks.sh\"\n";
			showEnvVarsInLog = 0;
		};
		98E5B09BCD9FB5A71C49B268 /* [CP] Check Pods Manifest.lock */ = {
			isa = PBXShellScriptBuildPhase;
			buildActionMask = 2147483647;
			files = (
			);
			inputPaths = (
				"${PODS_PODFILE_DIR_PATH}/Podfile.lock",
				"${PODS_ROOT}/Manifest.lock",
			);
			name = "[CP] Check Pods Manifest.lock";
			outputPaths = (
				"$(DERIVED_FILE_DIR)/Pods-FractalSimplified-checkManifestLockResult.txt",
			);
			runOnlyForDeploymentPostprocessing = 0;
			shellPath = /bin/sh;
			shellScript = "diff \"${PODS_PODFILE_DIR_PATH}/Podfile.lock\" \"${PODS_ROOT}/Manifest.lock\" > /dev/null\nif [ $? != 0 ] ; then\n    # print error to STDERR\n    echo \"error: The sandbox is not in sync with the Podfile.lock. Run 'pod install' or update your CocoaPods installation.\" >&2\n    exit 1\nfi\n# This output is used by Xcode 'outputs' to avoid re-running this script phase.\necho \"SUCCESS\" > \"${SCRIPT_OUTPUT_FILE_0}\"\n";
			showEnvVarsInLog = 0;
		};
/* End PBXShellScriptBuildPhase section */

/* Begin PBXSourcesBuildPhase section */
		87C548A72122B83100965FD2 /* Sources */ = {
			isa = PBXSourcesBuildPhase;
			buildActionMask = 2147483647;
			files = (
				87C548F82122D22D00965FD2 /* SignUpViewController.swift in Sources */,
				87C548E42122CA1900965FD2 /* UILabel.swift in Sources */,
				87C548E72122CA3900965FD2 /* FractalSimplified.swift in Sources */,
				87C548F02122CA9E00965FD2 /* EmailFieldUseCase.swift in Sources */,
				87C548F62122D20B00965FD2 /* SignUpScreenUseCase.swift in Sources */,
				87C548FD2122FF7D00965FD2 /* WelcomeViewController.swift in Sources */,
				87C548FF21230E0E00965FD2 /* WelcomeScreenUseCase.swift in Sources */,
				87C548AF2122B83100965FD2 /* AppDelegate.swift in Sources */,
				87C548EC2122CA8D00965FD2 /* ActionViewModel.swift in Sources */,
				87C548E32122CA1900965FD2 /* UIButton.swift in Sources */,
				87C548EF2122CA9E00965FD2 /* EmailFieldView.swift in Sources */,
				87C548E52122CA1900965FD2 /* UITextField.swift in Sources */,
			);
			runOnlyForDeploymentPostprocessing = 0;
		};
		87C548BB2122B83200965FD2 /* Sources */ = {
			isa = PBXSourcesBuildPhase;
			buildActionMask = 2147483647;
			files = (
				87C548C42122B83200965FD2 /* FractalSimplifiedTests.swift in Sources */,
			);
			runOnlyForDeploymentPostprocessing = 0;
		};
		87C548C62122B83200965FD2 /* Sources */ = {
			isa = PBXSourcesBuildPhase;
			buildActionMask = 2147483647;
			files = (
				87C548CF2122B83200965FD2 /* FractalSimplifiedUITests.swift in Sources */,
			);
			runOnlyForDeploymentPostprocessing = 0;
		};
/* End PBXSourcesBuildPhase section */

/* Begin PBXTargetDependency section */
		87C548C12122B83200965FD2 /* PBXTargetDependency */ = {
			isa = PBXTargetDependency;
			target = 87C548AA2122B83100965FD2 /* FractalSimplified */;
			targetProxy = 87C548C02122B83200965FD2 /* PBXContainerItemProxy */;
		};
		87C548CC2122B83200965FD2 /* PBXTargetDependency */ = {
			isa = PBXTargetDependency;
			target = 87C548AA2122B83100965FD2 /* FractalSimplified */;
			targetProxy = 87C548CB2122B83200965FD2 /* PBXContainerItemProxy */;
		};
/* End PBXTargetDependency section */

/* Begin PBXVariantGroup section */
		87C548B72122B83200965FD2 /* LaunchScreen.storyboard */ = {
			isa = PBXVariantGroup;
			children = (
				87C548B82122B83200965FD2 /* Base */,
			);
			name = LaunchScreen.storyboard;
			sourceTree = "<group>";
		};
/* End PBXVariantGroup section */

/* Begin XCBuildConfiguration section */
		87C548D12122B83200965FD2 /* Debug */ = {
			isa = XCBuildConfiguration;
			buildSettings = {
				ALWAYS_SEARCH_USER_PATHS = NO;
				CLANG_ANALYZER_NONNULL = YES;
				CLANG_ANALYZER_NUMBER_OBJECT_CONVERSION = YES_AGGRESSIVE;
				CLANG_CXX_LANGUAGE_STANDARD = "gnu++14";
				CLANG_CXX_LIBRARY = "libc++";
				CLANG_ENABLE_MODULES = YES;
				CLANG_ENABLE_OBJC_ARC = YES;
				CLANG_ENABLE_OBJC_WEAK = YES;
				CLANG_WARN_BLOCK_CAPTURE_AUTORELEASING = YES;
				CLANG_WARN_BOOL_CONVERSION = YES;
				CLANG_WARN_COMMA = YES;
				CLANG_WARN_CONSTANT_CONVERSION = YES;
				CLANG_WARN_DEPRECATED_OBJC_IMPLEMENTATIONS = YES;
				CLANG_WARN_DIRECT_OBJC_ISA_USAGE = YES_ERROR;
				CLANG_WARN_DOCUMENTATION_COMMENTS = YES;
				CLANG_WARN_EMPTY_BODY = YES;
				CLANG_WARN_ENUM_CONVERSION = YES;
				CLANG_WARN_INFINITE_RECURSION = YES;
				CLANG_WARN_INT_CONVERSION = YES;
				CLANG_WARN_NON_LITERAL_NULL_CONVERSION = YES;
				CLANG_WARN_OBJC_IMPLICIT_RETAIN_SELF = YES;
				CLANG_WARN_OBJC_LITERAL_CONVERSION = YES;
				CLANG_WARN_OBJC_ROOT_CLASS = YES_ERROR;
				CLANG_WARN_RANGE_LOOP_ANALYSIS = YES;
				CLANG_WARN_STRICT_PROTOTYPES = YES;
				CLANG_WARN_SUSPICIOUS_MOVE = YES;
				CLANG_WARN_UNGUARDED_AVAILABILITY = YES_AGGRESSIVE;
				CLANG_WARN_UNREACHABLE_CODE = YES;
				CLANG_WARN__DUPLICATE_METHOD_MATCH = YES;
				CODE_SIGN_IDENTITY = "iPhone Developer";
				COPY_PHASE_STRIP = NO;
				DEBUG_INFORMATION_FORMAT = dwarf;
				ENABLE_STRICT_OBJC_MSGSEND = YES;
				ENABLE_TESTABILITY = YES;
				GCC_C_LANGUAGE_STANDARD = gnu11;
				GCC_DYNAMIC_NO_PIC = NO;
				GCC_NO_COMMON_BLOCKS = YES;
				GCC_OPTIMIZATION_LEVEL = 0;
				GCC_PREPROCESSOR_DEFINITIONS = (
					"DEBUG=1",
					"$(inherited)",
				);
				GCC_WARN_64_TO_32_BIT_CONVERSION = YES;
				GCC_WARN_ABOUT_RETURN_TYPE = YES_ERROR;
				GCC_WARN_UNDECLARED_SELECTOR = YES;
				GCC_WARN_UNINITIALIZED_AUTOS = YES_AGGRESSIVE;
				GCC_WARN_UNUSED_FUNCTION = YES;
				GCC_WARN_UNUSED_VARIABLE = YES;
				IPHONEOS_DEPLOYMENT_TARGET = 11.4;
				MTL_ENABLE_DEBUG_INFO = YES;
				ONLY_ACTIVE_ARCH = YES;
				SDKROOT = iphoneos;
				SWIFT_ACTIVE_COMPILATION_CONDITIONS = DEBUG;
				SWIFT_OPTIMIZATION_LEVEL = "-Onone";
			};
			name = Debug;
		};
		87C548D22122B83200965FD2 /* Release */ = {
			isa = XCBuildConfiguration;
			buildSettings = {
				ALWAYS_SEARCH_USER_PATHS = NO;
				CLANG_ANALYZER_NONNULL = YES;
				CLANG_ANALYZER_NUMBER_OBJECT_CONVERSION = YES_AGGRESSIVE;
				CLANG_CXX_LANGUAGE_STANDARD = "gnu++14";
				CLANG_CXX_LIBRARY = "libc++";
				CLANG_ENABLE_MODULES = YES;
				CLANG_ENABLE_OBJC_ARC = YES;
				CLANG_ENABLE_OBJC_WEAK = YES;
				CLANG_WARN_BLOCK_CAPTURE_AUTORELEASING = YES;
				CLANG_WARN_BOOL_CONVERSION = YES;
				CLANG_WARN_COMMA = YES;
				CLANG_WARN_CONSTANT_CONVERSION = YES;
				CLANG_WARN_DEPRECATED_OBJC_IMPLEMENTATIONS = YES;
				CLANG_WARN_DIRECT_OBJC_ISA_USAGE = YES_ERROR;
				CLANG_WARN_DOCUMENTATION_COMMENTS = YES;
				CLANG_WARN_EMPTY_BODY = YES;
				CLANG_WARN_ENUM_CONVERSION = YES;
				CLANG_WARN_INFINITE_RECURSION = YES;
				CLANG_WARN_INT_CONVERSION = YES;
				CLANG_WARN_NON_LITERAL_NULL_CONVERSION = YES;
				CLANG_WARN_OBJC_IMPLICIT_RETAIN_SELF = YES;
				CLANG_WARN_OBJC_LITERAL_CONVERSION = YES;
				CLANG_WARN_OBJC_ROOT_CLASS = YES_ERROR;
				CLANG_WARN_RANGE_LOOP_ANALYSIS = YES;
				CLANG_WARN_STRICT_PROTOTYPES = YES;
				CLANG_WARN_SUSPICIOUS_MOVE = YES;
				CLANG_WARN_UNGUARDED_AVAILABILITY = YES_AGGRESSIVE;
				CLANG_WARN_UNREACHABLE_CODE = YES;
				CLANG_WARN__DUPLICATE_METHOD_MATCH = YES;
				CODE_SIGN_IDENTITY = "iPhone Developer";
				COPY_PHASE_STRIP = NO;
				DEBUG_INFORMATION_FORMAT = "dwarf-with-dsym";
				ENABLE_NS_ASSERTIONS = NO;
				ENABLE_STRICT_OBJC_MSGSEND = YES;
				GCC_C_LANGUAGE_STANDARD = gnu11;
				GCC_NO_COMMON_BLOCKS = YES;
				GCC_WARN_64_TO_32_BIT_CONVERSION = YES;
				GCC_WARN_ABOUT_RETURN_TYPE = YES_ERROR;
				GCC_WARN_UNDECLARED_SELECTOR = YES;
				GCC_WARN_UNINITIALIZED_AUTOS = YES_AGGRESSIVE;
				GCC_WARN_UNUSED_FUNCTION = YES;
				GCC_WARN_UNUSED_VARIABLE = YES;
				IPHONEOS_DEPLOYMENT_TARGET = 11.4;
				MTL_ENABLE_DEBUG_INFO = NO;
				SDKROOT = iphoneos;
				SWIFT_COMPILATION_MODE = wholemodule;
				SWIFT_OPTIMIZATION_LEVEL = "-O";
				VALIDATE_PRODUCT = YES;
			};
			name = Release;
		};
		87C548D42122B83200965FD2 /* Debug */ = {
			isa = XCBuildConfiguration;
			baseConfigurationReference = 3AC80AD31E8738038EF245F6 /* Pods-FractalSimplified.debug.xcconfig */;
			buildSettings = {
				ASSETCATALOG_COMPILER_APPICON_NAME = AppIcon;
				CODE_SIGN_STYLE = Automatic;
				INFOPLIST_FILE = FractalSimplified/Info.plist;
				IPHONEOS_DEPLOYMENT_TARGET = 9.0;
				LD_RUNPATH_SEARCH_PATHS = (
					"$(inherited)",
					"@executable_path/Frameworks",
				);
				PRODUCT_BUNDLE_IDENTIFIER = com.sergey.slavinskiy.FractalSimplified;
				PRODUCT_NAME = "$(TARGET_NAME)";
				SWIFT_VERSION = 4.0;
				TARGETED_DEVICE_FAMILY = "1,2";
			};
			name = Debug;
		};
		87C548D52122B83200965FD2 /* Release */ = {
			isa = XCBuildConfiguration;
			baseConfigurationReference = 8969F6FA57CEC04925325165 /* Pods-FractalSimplified.release.xcconfig */;
			buildSettings = {
				ASSETCATALOG_COMPILER_APPICON_NAME = AppIcon;
				CODE_SIGN_STYLE = Automatic;
				INFOPLIST_FILE = FractalSimplified/Info.plist;
				IPHONEOS_DEPLOYMENT_TARGET = 9.0;
				LD_RUNPATH_SEARCH_PATHS = (
					"$(inherited)",
					"@executable_path/Frameworks",
				);
				PRODUCT_BUNDLE_IDENTIFIER = com.sergey.slavinskiy.FractalSimplified;
				PRODUCT_NAME = "$(TARGET_NAME)";
				SWIFT_VERSION = 4.0;
				TARGETED_DEVICE_FAMILY = "1,2";
			};
			name = Release;
		};
		87C548D72122B83200965FD2 /* Debug */ = {
			isa = XCBuildConfiguration;
			buildSettings = {
				ALWAYS_EMBED_SWIFT_STANDARD_LIBRARIES = YES;
				BUNDLE_LOADER = "$(TEST_HOST)";
				CODE_SIGN_STYLE = Automatic;
				INFOPLIST_FILE = FractalSimplifiedTests/Info.plist;
				LD_RUNPATH_SEARCH_PATHS = (
					"$(inherited)",
					"@executable_path/Frameworks",
					"@loader_path/Frameworks",
				);
				PRODUCT_BUNDLE_IDENTIFIER = com.sergey.slavinskiy.FractalSimplifiedTests;
				PRODUCT_NAME = "$(TARGET_NAME)";
				SWIFT_VERSION = 4.0;
				TARGETED_DEVICE_FAMILY = "1,2";
				TEST_HOST = "$(BUILT_PRODUCTS_DIR)/FractalSimplified.app/FractalSimplified";
			};
			name = Debug;
		};
		87C548D82122B83200965FD2 /* Release */ = {
			isa = XCBuildConfiguration;
			buildSettings = {
				ALWAYS_EMBED_SWIFT_STANDARD_LIBRARIES = YES;
				BUNDLE_LOADER = "$(TEST_HOST)";
				CODE_SIGN_STYLE = Automatic;
				INFOPLIST_FILE = FractalSimplifiedTests/Info.plist;
				LD_RUNPATH_SEARCH_PATHS = (
					"$(inherited)",
					"@executable_path/Frameworks",
					"@loader_path/Frameworks",
				);
				PRODUCT_BUNDLE_IDENTIFIER = com.sergey.slavinskiy.FractalSimplifiedTests;
				PRODUCT_NAME = "$(TARGET_NAME)";
				SWIFT_VERSION = 4.0;
				TARGETED_DEVICE_FAMILY = "1,2";
				TEST_HOST = "$(BUILT_PRODUCTS_DIR)/FractalSimplified.app/FractalSimplified";
			};
			name = Release;
		};
		87C548DA2122B83200965FD2 /* Debug */ = {
			isa = XCBuildConfiguration;
			buildSettings = {
				ALWAYS_EMBED_SWIFT_STANDARD_LIBRARIES = YES;
				CODE_SIGN_STYLE = Automatic;
				INFOPLIST_FILE = FractalSimplifiedUITests/Info.plist;
				LD_RUNPATH_SEARCH_PATHS = (
					"$(inherited)",
					"@executable_path/Frameworks",
					"@loader_path/Frameworks",
				);
				PRODUCT_BUNDLE_IDENTIFIER = com.sergey.slavinskiy.FractalSimplifiedUITests;
				PRODUCT_NAME = "$(TARGET_NAME)";
				SWIFT_VERSION = 4.0;
				TARGETED_DEVICE_FAMILY = "1,2";
				TEST_TARGET_NAME = FractalSimplified;
			};
			name = Debug;
		};
		87C548DB2122B83200965FD2 /* Release */ = {
			isa = XCBuildConfiguration;
			buildSettings = {
				ALWAYS_EMBED_SWIFT_STANDARD_LIBRARIES = YES;
				CODE_SIGN_STYLE = Automatic;
				INFOPLIST_FILE = FractalSimplifiedUITests/Info.plist;
				LD_RUNPATH_SEARCH_PATHS = (
					"$(inherited)",
					"@executable_path/Frameworks",
					"@loader_path/Frameworks",
				);
				PRODUCT_BUNDLE_IDENTIFIER = com.sergey.slavinskiy.FractalSimplifiedUITests;
				PRODUCT_NAME = "$(TARGET_NAME)";
				SWIFT_VERSION = 4.0;
				TARGETED_DEVICE_FAMILY = "1,2";
				TEST_TARGET_NAME = FractalSimplified;
			};
			name = Release;
		};
/* End XCBuildConfiguration section */

/* Begin XCConfigurationList section */
		87C548A62122B83100965FD2 /* Build configuration list for PBXProject "FractalSimplified" */ = {
			isa = XCConfigurationList;
			buildConfigurations = (
				87C548D12122B83200965FD2 /* Debug */,
				87C548D22122B83200965FD2 /* Release */,
			);
			defaultConfigurationIsVisible = 0;
			defaultConfigurationName = Release;
		};
		87C548D32122B83200965FD2 /* Build configuration list for PBXNativeTarget "FractalSimplified" */ = {
			isa = XCConfigurationList;
			buildConfigurations = (
				87C548D42122B83200965FD2 /* Debug */,
				87C548D52122B83200965FD2 /* Release */,
			);
			defaultConfigurationIsVisible = 0;
			defaultConfigurationName = Release;
		};
		87C548D62122B83200965FD2 /* Build configuration list for PBXNativeTarget "FractalSimplifiedTests" */ = {
			isa = XCConfigurationList;
			buildConfigurations = (
				87C548D72122B83200965FD2 /* Debug */,
				87C548D82122B83200965FD2 /* Release */,
			);
			defaultConfigurationIsVisible = 0;
			defaultConfigurationName = Release;
		};
		87C548D92122B83200965FD2 /* Build configuration list for PBXNativeTarget "FractalSimplifiedUITests" */ = {
			isa = XCConfigurationList;
			buildConfigurations = (
				87C548DA2122B83200965FD2 /* Debug */,
				87C548DB2122B83200965FD2 /* Release */,
			);
			defaultConfigurationIsVisible = 0;
			defaultConfigurationName = Release;
		};
/* End XCConfigurationList section */
	};
	rootObject = 87C548A32122B83100965FD2 /* Project object */;
}
